
Microsoft Visual Studio Solution File, Format Version 12.00
# Visual Studio Version 16
VisualStudioVersion = 16.0.29609.76
MinimumVisualStudioVersion = 10.0.40219.1
Project("{FAE04EC0-301F-11D3-BF4B-00C04F79EFBC}") = "RetailInMotion", "RetailInMotion\RetailInMotion.csproj", "{C915F7CD-CBBB-4EE9-B935-5A61CE28135F}"
EndProject
Project("{FAE04EC0-301F-11D3-BF4B-00C04F79EFBC}") = "RetailInMotionDAL", "RetailInMotionDAL\RetailInMotionDAL.csproj", "{704272E9-1B77-42DA-8809-8AAD830D7CF1}"
EndProject
Project("{FAE04EC0-301F-11D3-BF4B-00C04F79EFBC}") = "RetailInMotionBLL", "RetailInMotionBLL\RetailInMotionBLL.csproj", "{32C67F8C-4F31-4ADF-BC11-F47F2C149206}"
EndProject
Project("{FAE04EC0-301F-11D3-BF4B-00C04F79EFBC}") = "RetailInMotionContracts", "RetailInMotionContracts\RetailInMotionContracts.csproj", "{899FFC25-26D5-4B76-83A4-B209F64B2008}"
EndProject
Project("{FAE04EC0-301F-11D3-BF4B-00C04F79EFBC}") = "RetailInMotionTests", "RetailInMotionTests\RetailInMotionTests.csproj", "{9187FB68-16B6-4D2B-BF65-0A166ADAD61A}"
EndProject
Project("{FAE04EC0-301F-11D3-BF4B-00C04F79EFBC}") = "RetailInMotionObjects", "RetailInMotionObjects\RetailInMotionObjects.csproj", "{BACA8556-8A2F-448E-ACA4-DE3F94410E90}"
EndProject
Global
	GlobalSection(SolutionConfigurationPlatforms) = preSolution
		Debug|Any CPU = Debug|Any CPU
		Release|Any CPU = Release|Any CPU
	EndGlobalSection
	GlobalSection(ProjectConfigurationPlatforms) = postSolution
		{C915F7CD-CBBB-4EE9-B935-5A61CE28135F}.Debug|Any CPU.ActiveCfg = Debug|Any CPU
		{C915F7CD-CBBB-4EE9-B935-5A61CE28135F}.Debug|Any CPU.Build.0 = Debug|Any CPU
		{C915F7CD-CBBB-4EE9-B935-5A61CE28135F}.Release|Any CPU.ActiveCfg = Release|Any CPU
		{C915F7CD-CBBB-4EE9-B935-5A61CE28135F}.Release|Any CPU.Build.0 = Release|Any CPU
		{704272E9-1B77-42DA-8809-8AAD830D7CF1}.Debug|Any CPU.ActiveCfg = Debug|Any CPU
		{704272E9-1B77-42DA-8809-8AAD830D7CF1}.Debug|Any CPU.Build.0 = Debug|Any CPU
		{704272E9-1B77-42DA-8809-8AAD830D7CF1}.Release|Any CPU.ActiveCfg = Release|Any CPU
		{704272E9-1B77-42DA-8809-8AAD830D7CF1}.Release|Any CPU.Build.0 = Release|Any CPU
		{32C67F8C-4F31-4ADF-BC11-F47F2C149206}.Debug|Any CPU.ActiveCfg = Debug|Any CPU
		{32C67F8C-4F31-4ADF-BC11-F47F2C149206}.Debug|Any CPU.Build.0 = Debug|Any CPU
		{32C67F8C-4F31-4ADF-BC11-F47F2C149206}.Release|Any CPU.ActiveCfg = Release|Any CPU
		{32C67F8C-4F31-4ADF-BC11-F47F2C149206}.Release|Any CPU.Build.0 = Release|Any CPU
		{899FFC25-26D5-4B76-83A4-B209F64B2008}.Debug|Any CPU.ActiveCfg = Debug|Any CPU
		{899FFC25-26D5-4B76-83A4-B209F64B2008}.Debug|Any CPU.Build.0 = Debug|Any CPU
		{899FFC25-26D5-4B76-83A4-B209F64B2008}.Release|Any CPU.ActiveCfg = Release|Any CPU
		{899FFC25-26D5-4B76-83A4-B209F64B2008}.Release|Any CPU.Build.0 = Release|Any CPU
		{9187FB68-16B6-4D2B-BF65-0A166ADAD61A}.Debug|Any CPU.ActiveCfg = Debug|Any CPU
		{9187FB68-16B6-4D2B-BF65-0A166ADAD61A}.Debug|Any CPU.Build.0 = Debug|Any CPU
		{9187FB68-16B6-4D2B-BF65-0A166ADAD61A}.Release|Any CPU.ActiveCfg = Release|Any CPU
		{9187FB68-16B6-4D2B-BF65-0A166ADAD61A}.Release|Any CPU.Build.0 = Release|Any CPU
		{BACA8556-8A2F-448E-ACA4-DE3F94410E90}.Debug|Any CPU.ActiveCfg = Debug|Any CPU
		{BACA8556-8A2F-448E-ACA4-DE3F94410E90}.Debug|Any CPU.Build.0 = Debug|Any CPU
		{BACA8556-8A2F-448E-ACA4-DE3F94410E90}.Release|Any CPU.ActiveCfg = Release|Any CPU
		{BACA8556-8A2F-448E-ACA4-DE3F94410E90}.Release|Any CPU.Build.0 = Release|Any CPU
	EndGlobalSection
	GlobalSection(SolutionProperties) = preSolution
		HideSolutionNode = FALSE
	EndGlobalSection
	GlobalSection(ExtensibilityGlobals) = postSolution
		SolutionGuid = {E1030139-84A2-481F-A42C-D067195AF486}
	EndGlobalSection
EndGlobal
